// !$*UTF8*$!
{
	archiveVersion = 1;
	classes = {
	};
	objectVersion = 48;
	objects = {

/* Begin PBXBuildFile section */
		4229D780202DE7C400998053 /* Item.swift in Sources */ = {isa = PBXBuildFile; fileRef = 4229D77F202DE7C400998053 /* Item.swift */; };
		4229D782202DE7CF00998053 /* Category.swift in Sources */ = {isa = PBXBuildFile; fileRef = 4229D781202DE7CF00998053 /* Category.swift */; };
		4272ADF820286A9E00FE0A69 /* DataModel.xcdatamodeld in Sources */ = {isa = PBXBuildFile; fileRef = 4272ADF620286A9E00FE0A69 /* DataModel.xcdatamodeld */; };
		427C33BF20205B5300D3F79B /* AppDelegate.swift in Sources */ = {isa = PBXBuildFile; fileRef = 427C33BE20205B5300D3F79B /* AppDelegate.swift */; };
		427C33C120205B5300D3F79B /* TodoListViewController.swift in Sources */ = {isa = PBXBuildFile; fileRef = 427C33C020205B5300D3F79B /* TodoListViewController.swift */; };
		427C33C420205B5300D3F79B /* Main.storyboard in Resources */ = {isa = PBXBuildFile; fileRef = 427C33C220205B5300D3F79B /* Main.storyboard */; };
		427C33C620205B5300D3F79B /* Assets.xcassets in Resources */ = {isa = PBXBuildFile; fileRef = 427C33C520205B5300D3F79B /* Assets.xcassets */; };
		427C33C920205B5300D3F79B /* LaunchScreen.storyboard in Resources */ = {isa = PBXBuildFile; fileRef = 427C33C720205B5300D3F79B /* LaunchScreen.storyboard */; };
		42C3AE3D202C8FB2002E64B3 /* CategoryTableViewController.swift in Sources */ = {isa = PBXBuildFile; fileRef = 42C3AE3C202C8FB2002E64B3 /* CategoryTableViewController.swift */; };
		EF3E2E943CDE236AC781FFEA /* Pods_Todoey.framework in Frameworks */ = {isa = PBXBuildFile; fileRef = EB2EEC4C0A58D96FD3F30A60 /* Pods_Todoey.framework */; };
/* End PBXBuildFile section */

/* Begin PBXFileReference section */
		3582B8D9E1F99444E5877A66 /* Pods-Todoey.debug.xcconfig */ = {isa = PBXFileReference; includeInIndex = 1; lastKnownFileType = text.xcconfig; name = "Pods-Todoey.debug.xcconfig"; path = "Pods/Target Support Files/Pods-Todoey/Pods-Todoey.debug.xcconfig"; sourceTree = "<group>"; };
		4229D77F202DE7C400998053 /* Item.swift */ = {isa = PBXFileReference; lastKnownFileType = sourcecode.swift; path = Item.swift; sourceTree = "<group>"; };
		4229D781202DE7CF00998053 /* Category.swift */ = {isa = PBXFileReference; lastKnownFileType = sourcecode.swift; path = Category.swift; sourceTree = "<group>"; };
		4272ADF720286A9E00FE0A69 /* DataModel.xcdatamodel */ = {isa = PBXFileReference; lastKnownFileType = wrapper.xcdatamodel; path = DataModel.xcdatamodel; sourceTree = "<group>"; };
		427C33BB20205B5300D3F79B /* Todoey.app */ = {isa = PBXFileReference; explicitFileType = wrapper.application; includeInIndex = 0; path = Todoey.app; sourceTree = BUILT_PRODUCTS_DIR; };
		427C33BE20205B5300D3F79B /* AppDelegate.swift */ = {isa = PBXFileReference; lastKnownFileType = sourcecode.swift; path = AppDelegate.swift; sourceTree = "<group>"; };
		427C33C020205B5300D3F79B /* TodoListViewController.swift */ = {isa = PBXFileReference; lastKnownFileType = sourcecode.swift; path = TodoListViewController.swift; sourceTree = "<group>"; };
		427C33C320205B5300D3F79B /* Base */ = {isa = PBXFileReference; lastKnownFileType = file.storyboard; name = Base; path = Base.lproj/Main.storyboard; sourceTree = "<group>"; };
		427C33C520205B5300D3F79B /* Assets.xcassets */ = {isa = PBXFileReference; lastKnownFileType = folder.assetcatalog; path = Assets.xcassets; sourceTree = "<group>"; };
		427C33C820205B5300D3F79B /* Base */ = {isa = PBXFileReference; lastKnownFileType = file.storyboard; name = Base; path = Base.lproj/LaunchScreen.storyboard; sourceTree = "<group>"; };
		427C33CA20205B5300D3F79B /* Info.plist */ = {isa = PBXFileReference; lastKnownFileType = text.plist.xml; path = Info.plist; sourceTree = "<group>"; };
		42C3AE3C202C8FB2002E64B3 /* CategoryTableViewController.swift */ = {isa = PBXFileReference; lastKnownFileType = sourcecode.swift; path = CategoryTableViewController.swift; sourceTree = "<group>"; };
		D97BE9D05B12586D86B8796D /* Pods-Todoey.release.xcconfig */ = {isa = PBXFileReference; includeInIndex = 1; lastKnownFileType = text.xcconfig; name = "Pods-Todoey.release.xcconfig"; path = "Pods/Target Support Files/Pods-Todoey/Pods-Todoey.release.xcconfig"; sourceTree = "<group>"; };
		EB2EEC4C0A58D96FD3F30A60 /* Pods_Todoey.framework */ = {isa = PBXFileReference; explicitFileType = wrapper.framework; includeInIndex = 0; path = Pods_Todoey.framework; sourceTree = BUILT_PRODUCTS_DIR; };
/* End PBXFileReference section */

/* Begin PBXFrameworksBuildPhase section */
		427C33B820205B5300D3F79B /* Frameworks */ = {
			isa = PBXFrameworksBuildPhase;
			buildActionMask = 2147483647;
			files = (
				EF3E2E943CDE236AC781FFEA /* Pods_Todoey.framework in Frameworks */,
			);
			runOnlyForDeploymentPostprocessing = 0;
		};
/* End PBXFrameworksBuildPhase section */

/* Begin PBXGroup section */
		4272ADB02028405800FE0A69 /* Model */ = {
			isa = PBXGroup;
			children = (
				4272ADF620286A9E00FE0A69 /* DataModel.xcdatamodeld */,
				4229D781202DE7CF00998053 /* Category.swift */,
				4229D77F202DE7C400998053 /* Item.swift */,
			);
			path = Model;
			sourceTree = "<group>";
		};
		4272ADB12028406500FE0A69 /* Controller */ = {
			isa = PBXGroup;
			children = (
				42C3AE3C202C8FB2002E64B3 /* CategoryTableViewController.swift */,
				427C33C020205B5300D3F79B /* TodoListViewController.swift */,
			);
			path = Controller;
			sourceTree = "<group>";
		};
		4272ADB22028407B00FE0A69 /* View */ = {
			isa = PBXGroup;
			children = (
				427C33C220205B5300D3F79B /* Main.storyboard */,
			);
			path = View;
			sourceTree = "<group>";
		};
		4272ADB32028409700FE0A69 /* Supporting Files */ = {
			isa = PBXGroup;
			children = (
				427C33C520205B5300D3F79B /* Assets.xcassets */,
				427C33C720205B5300D3F79B /* LaunchScreen.storyboard */,
			);
			path = "Supporting Files";
			sourceTree = "<group>";
		};
		427C33B220205B5300D3F79B = {
			isa = PBXGroup;
			children = (
				427C33BD20205B5300D3F79B /* Todoey */,
				427C33BC20205B5300D3F79B /* Products */,
				CBBDA23239BBC23A3D4A9F25 /* Pods */,
				EB54E9CC6FFD28DCB3929D87 /* Frameworks */,
			);
			sourceTree = "<group>";
		};
		427C33BC20205B5300D3F79B /* Products */ = {
			isa = PBXGroup;
			children = (
				427C33BB20205B5300D3F79B /* Todoey.app */,
			);
			name = Products;
			sourceTree = "<group>";
		};
		427C33BD20205B5300D3F79B /* Todoey */ = {
			isa = PBXGroup;
			children = (
				4272ADB32028409700FE0A69 /* Supporting Files */,
				4272ADB22028407B00FE0A69 /* View */,
				4272ADB12028406500FE0A69 /* Controller */,
				4272ADB02028405800FE0A69 /* Model */,
				427C33CA20205B5300D3F79B /* Info.plist */,
				427C33BE20205B5300D3F79B /* AppDelegate.swift */,
			);
			path = Todoey;
			sourceTree = "<group>";
		};
		CBBDA23239BBC23A3D4A9F25 /* Pods */ = {
			isa = PBXGroup;
			children = (
				3582B8D9E1F99444E5877A66 /* Pods-Todoey.debug.xcconfig */,
				D97BE9D05B12586D86B8796D /* Pods-Todoey.release.xcconfig */,
			);
			name = Pods;
			sourceTree = "<group>";
		};
		EB54E9CC6FFD28DCB3929D87 /* Frameworks */ = {
			isa = PBXGroup;
			children = (
				EB2EEC4C0A58D96FD3F30A60 /* Pods_Todoey.framework */,
			);
			name = Frameworks;
			sourceTree = "<group>";
		};
/* End PBXGroup section */

/* Begin PBXNativeTarget section */
		427C33BA20205B5300D3F79B /* Todoey */ = {
			isa = PBXNativeTarget;
			buildConfigurationList = 427C33CD20205B5300D3F79B /* Build configuration list for PBXNativeTarget "Todoey" */;
			buildPhases = (
				1F93DF8F264674294E9A5BA0 /* [CP] Check Pods Manifest.lock */,
				427C33B720205B5300D3F79B /* Sources */,
				427C33B820205B5300D3F79B /* Frameworks */,
				427C33B920205B5300D3F79B /* Resources */,
				03A8AC4C4C5B3F865611EE70 /* [CP] Embed Pods Frameworks */,
				52086A8FE82F129520C3F5DD /* [CP] Copy Pods Resources */,
			);
			buildRules = (
			);
			dependencies = (
			);
			name = Todoey;
			productName = Todoey;
			productReference = 427C33BB20205B5300D3F79B /* Todoey.app */;
			productType = "com.apple.product-type.application";
		};
/* End PBXNativeTarget section */

/* Begin PBXProject section */
		427C33B320205B5300D3F79B /* Project object */ = {
			isa = PBXProject;
			attributes = {
				LastSwiftUpdateCheck = 0920;
				LastUpgradeCheck = 0920;
				ORGANIZATIONNAME = "賈加平";
				TargetAttributes = {
					427C33BA20205B5300D3F79B = {
						CreatedOnToolsVersion = 9.2;
						ProvisioningStyle = Automatic;
					};
				};
			};
			buildConfigurationList = 427C33B620205B5300D3F79B /* Build configuration list for PBXProject "Todoey" */;
			compatibilityVersion = "Xcode 8.0";
			developmentRegion = en;
			hasScannedForEncodings = 0;
			knownRegions = (
				en,
				Base,
			);
			mainGroup = 427C33B220205B5300D3F79B;
			productRefGroup = 427C33BC20205B5300D3F79B /* Products */;
			projectDirPath = "";
			projectRoot = "";
			targets = (
				427C33BA20205B5300D3F79B /* Todoey */,
			);
		};
/* End PBXProject section */

/* Begin PBXResourcesBuildPhase section */
		427C33B920205B5300D3F79B /* Resources */ = {
			isa = PBXResourcesBuildPhase;
			buildActionMask = 2147483647;
			files = (
				427C33C920205B5300D3F79B /* LaunchScreen.storyboard in Resources */,
				427C33C620205B5300D3F79B /* Assets.xcassets in Resources */,
				427C33C420205B5300D3F79B /* Main.storyboard in Resources */,
			);
			runOnlyForDeploymentPostprocessing = 0;
		};
/* End PBXResourcesBuildPhase section */

/* Begin PBXShellScriptBuildPhase section */
		03A8AC4C4C5B3F865611EE70 /* [CP] Embed Pods Frameworks */ = {
			isa = PBXShellScriptBuildPhase;
			buildActionMask = 2147483647;
			files = (
			);
			inputPaths = (
				"${SRCROOT}/Pods/Target Support Files/Pods-Todoey/Pods-Todoey-frameworks.sh",
				"${BUILT_PRODUCTS_DIR}/Realm/Realm.framework",
				"${BUILT_PRODUCTS_DIR}/RealmSwift/RealmSwift.framework",
			);
			name = "[CP] Embed Pods Frameworks";
			outputPaths = (
				"${TARGET_BUILD_DIR}/${FRAMEWORKS_FOLDER_PATH}/Realm.framework",
				"${TARGET_BUILD_DIR}/${FRAMEWORKS_FOLDER_PATH}/RealmSwift.framework",
			);
			runOnlyForDeploymentPostprocessing = 0;
			shellPath = /bin/sh;
			shellScript = "\"${SRCROOT}/Pods/Target Support Files/Pods-Todoey/Pods-Todoey-frameworks.sh\"\n";
			showEnvVarsInLog = 0;
		};
		1F93DF8F264674294E9A5BA0 /* [CP] Check Pods Manifest.lock */ = {
			isa = PBXShellScriptBuildPhase;
			buildActionMask = 2147483647;
			files = (
			);
			inputPaths = (
				"${PODS_PODFILE_DIR_PATH}/Podfile.lock",
				"${PODS_ROOT}/Manifest.lock",
			);
			name = "[CP] Check Pods Manifest.lock";
			outputPaths = (
				"$(DERIVED_FILE_DIR)/Pods-Todoey-checkManifestLockResult.txt",
			);
			runOnlyForDeploymentPostprocessing = 0;
			shellPath = /bin/sh;
			shellScript = "diff \"${PODS_PODFILE_DIR_PATH}/Podfile.lock\" \"${PODS_ROOT}/Manifest.lock\" > /dev/null\nif [ $? != 0 ] ; then\n    # print error to STDERR\n    echo \"error: The sandbox is not in sync with the Podfile.lock. Run 'pod install' or update your CocoaPods installation.\" >&2\n    exit 1\nfi\n# This output is used by Xcode 'outputs' to avoid re-running this script phase.\necho \"SUCCESS\" > \"${SCRIPT_OUTPUT_FILE_0}\"\n";
			showEnvVarsInLog = 0;
		};
		52086A8FE82F129520C3F5DD /* [CP] Copy Pods Resources */ = {
			isa = PBXShellScriptBuildPhase;
			buildActionMask = 2147483647;
			files = (
			);
			inputPaths = (
			);
			name = "[CP] Copy Pods Resources";
			outputPaths = (
			);
			runOnlyForDeploymentPostprocessing = 0;
			shellPath = /bin/sh;
			shellScript = "\"${SRCROOT}/Pods/Target Support Files/Pods-Todoey/Pods-Todoey-resources.sh\"\n";
			showEnvVarsInLog = 0;
		};
/* End PBXShellScriptBuildPhase section */

/* Begin PBXSourcesBuildPhase section */
		427C33B720205B5300D3F79B /* Sources */ = {
			isa = PBXSourcesBuildPhase;
			buildActionMask = 2147483647;
			files = (
				4229D780202DE7C400998053 /* Item.swift in Sources */,
				427C33C120205B5300D3F79B /* TodoListViewController.swift in Sources */,
				4272ADF820286A9E00FE0A69 /* DataModel.xcdatamodeld in Sources */,
				427C33BF20205B5300D3F79B /* AppDelegate.swift in Sources */,
				42C3AE3D202C8FB2002E64B3 /* CategoryTableViewController.swift in Sources */,
				4229D782202DE7CF00998053 /* Category.swift in Sources */,
			);
			runOnlyForDeploymentPostprocessing = 0;
		};
/* End PBXSourcesBuildPhase section */

/* Begin PBXVariantGroup section */
		427C33C220205B5300D3F79B /* Main.storyboard */ = {
			isa = PBXVariantGroup;
			children = (
				427C33C320205B5300D3F79B /* Base */,
			);
			name = Main.storyboard;
			sourceTree = "<group>";
		};
		427C33C720205B5300D3F79B /* LaunchScreen.storyboard */ = {
			isa = PBXVariantGroup;
			children = (
				427C33C820205B5300D3F79B /* Base */,
			);
			name = LaunchScreen.storyboard;
			sourceTree = "<group>";
		};
/* End PBXVariantGroup section */

/* Begin XCBuildConfiguration section */
		427C33CB20205B5300D3F79B /* Debug */ = {
			isa = XCBuildConfiguration;
			buildSettings = {
				ALWAYS_SEARCH_USER_PATHS = NO;
				CLANG_ANALYZER_NONNULL = YES;
				CLANG_ANALYZER_NUMBER_OBJECT_CONVERSION = YES_AGGRESSIVE;
				CLANG_CXX_LANGUAGE_STANDARD = "gnu++14";
				CLANG_CXX_LIBRARY = "libc++";
				CLANG_ENABLE_MODULES = YES;
				CLANG_ENABLE_OBJC_ARC = YES;
				CLANG_WARN_BLOCK_CAPTURE_AUTORELEASING = YES;
				CLANG_WARN_BOOL_CONVERSION = YES;
				CLANG_WARN_COMMA = YES;
				CLANG_WARN_CONSTANT_CONVERSION = YES;
				CLANG_WARN_DIRECT_OBJC_ISA_USAGE = YES_ERROR;
				CLANG_WARN_DOCUMENTATION_COMMENTS = YES;
				CLANG_WARN_EMPTY_BODY = YES;
				CLANG_WARN_ENUM_CONVERSION = YES;
				CLANG_WARN_INFINITE_RECURSION = YES;
				CLANG_WARN_INT_CONVERSION = YES;
				CLANG_WARN_NON_LITERAL_NULL_CONVERSION = YES;
				CLANG_WARN_OBJC_LITERAL_CONVERSION = YES;
				CLANG_WARN_OBJC_ROOT_CLASS = YES_ERROR;
				CLANG_WARN_RANGE_LOOP_ANALYSIS = YES;
				CLANG_WARN_STRICT_PROTOTYPES = YES;
				CLANG_WARN_SUSPICIOUS_MOVE = YES;
				CLANG_WARN_UNGUARDED_AVAILABILITY = YES_AGGRESSIVE;
				CLANG_WARN_UNREACHABLE_CODE = YES;
				CLANG_WARN__DUPLICATE_METHOD_MATCH = YES;
				CODE_SIGN_IDENTITY = "iPhone Developer";
				COPY_PHASE_STRIP = NO;
				DEBUG_INFORMATION_FORMAT = dwarf;
				ENABLE_STRICT_OBJC_MSGSEND = YES;
				ENABLE_TESTABILITY = YES;
				GCC_C_LANGUAGE_STANDARD = gnu11;
				GCC_DYNAMIC_NO_PIC = NO;
				GCC_NO_COMMON_BLOCKS = YES;
				GCC_OPTIMIZATION_LEVEL = 0;
				GCC_PREPROCESSOR_DEFINITIONS = (
					"DEBUG=1",
					"$(inherited)",
				);
				GCC_WARN_64_TO_32_BIT_CONVERSION = YES;
				GCC_WARN_ABOUT_RETURN_TYPE = YES_ERROR;
				GCC_WARN_UNDECLARED_SELECTOR = YES;
				GCC_WARN_UNINITIALIZED_AUTOS = YES_AGGRESSIVE;
				GCC_WARN_UNUSED_FUNCTION = YES;
				GCC_WARN_UNUSED_VARIABLE = YES;
				IPHONEOS_DEPLOYMENT_TARGET = 11.2;
				MTL_ENABLE_DEBUG_INFO = YES;
				ONLY_ACTIVE_ARCH = YES;
				SDKROOT = iphoneos;
				SWIFT_ACTIVE_COMPILATION_CONDITIONS = DEBUG;
				SWIFT_OPTIMIZATION_LEVEL = "-Onone";
			};
			name = Debug;
		};
		427C33CC20205B5300D3F79B /* Release */ = {
			isa = XCBuildConfiguration;
			buildSettings = {
				ALWAYS_SEARCH_USER_PATHS = NO;
				CLANG_ANALYZER_NONNULL = YES;
				CLANG_ANALYZER_NUMBER_OBJECT_CONVERSION = YES_AGGRESSIVE;
				CLANG_CXX_LANGUAGE_STANDARD = "gnu++14";
				CLANG_CXX_LIBRARY = "libc++";
				CLANG_ENABLE_MODULES = YES;
				CLANG_ENABLE_OBJC_ARC = YES;
				CLANG_WARN_BLOCK_CAPTURE_AUTORELEASING = YES;
				CLANG_WARN_BOOL_CONVERSION = YES;
				CLANG_WARN_COMMA = YES;
				CLANG_WARN_CONSTANT_CONVERSION = YES;
				CLANG_WARN_DIRECT_OBJC_ISA_USAGE = YES_ERROR;
				CLANG_WARN_DOCUMENTATION_COMMENTS = YES;
				CLANG_WARN_EMPTY_BODY = YES;
				CLANG_WARN_ENUM_CONVERSION = YES;
				CLANG_WARN_INFINITE_RECURSION = YES;
				CLANG_WARN_INT_CONVERSION = YES;
				CLANG_WARN_NON_LITERAL_NULL_CONVERSION = YES;
				CLANG_WARN_OBJC_LITERAL_CONVERSION = YES;
				CLANG_WARN_OBJC_ROOT_CLASS = YES_ERROR;
				CLANG_WARN_RANGE_LOOP_ANALYSIS = YES;
				CLANG_WARN_STRICT_PROTOTYPES = YES;
				CLANG_WARN_SUSPICIOUS_MOVE = YES;
				CLANG_WARN_UNGUARDED_AVAILABILITY = YES_AGGRESSIVE;
				CLANG_WARN_UNREACHABLE_CODE = YES;
				CLANG_WARN__DUPLICATE_METHOD_MATCH = YES;
				CODE_SIGN_IDENTITY = "iPhone Developer";
				COPY_PHASE_STRIP = NO;
				DEBUG_INFORMATION_FORMAT = "dwarf-with-dsym";
				ENABLE_NS_ASSERTIONS = NO;
				ENABLE_STRICT_OBJC_MSGSEND = YES;
				GCC_C_LANGUAGE_STANDARD = gnu11;
				GCC_NO_COMMON_BLOCKS = YES;
				GCC_WARN_64_TO_32_BIT_CONVERSION = YES;
				GCC_WARN_ABOUT_RETURN_TYPE = YES_ERROR;
				GCC_WARN_UNDECLARED_SELECTOR = YES;
				GCC_WARN_UNINITIALIZED_AUTOS = YES_AGGRESSIVE;
				GCC_WARN_UNUSED_FUNCTION = YES;
				GCC_WARN_UNUSED_VARIABLE = YES;
				IPHONEOS_DEPLOYMENT_TARGET = 11.2;
				MTL_ENABLE_DEBUG_INFO = NO;
				SDKROOT = iphoneos;
				SWIFT_OPTIMIZATION_LEVEL = "-Owholemodule";
				VALIDATE_PRODUCT = YES;
			};
			name = Release;
		};
		427C33CE20205B5300D3F79B /* Debug */ = {
			isa = XCBuildConfiguration;
			baseConfigurationReference = 3582B8D9E1F99444E5877A66 /* Pods-Todoey.debug.xcconfig */;
			buildSettings = {
				ASSETCATALOG_COMPILER_APPICON_NAME = AppIcon;
				CODE_SIGN_STYLE = Automatic;
				DEVELOPMENT_TEAM = 7PV47SL7A5;
				INFOPLIST_FILE = Todoey/Info.plist;
				LD_RUNPATH_SEARCH_PATHS = "$(inherited) @executable_path/Frameworks";
				PRODUCT_BUNDLE_IDENTIFIER = com.Kevinchia.Todoey;
				PRODUCT_NAME = "$(TARGET_NAME)";
				SWIFT_VERSION = 4.0;
				TARGETED_DEVICE_FAMILY = "1,2";
			};
			name = Debug;
		};
		427C33CF20205B5300D3F79B /* Release */ = {
			isa = XCBuildConfiguration;
			baseConfigurationReference = D97BE9D05B12586D86B8796D /* Pods-Todoey.release.xcconfig */;
			buildSettings = {
				ASSETCATALOG_COMPILER_APPICON_NAME = AppIcon;
				CODE_SIGN_STYLE = Automatic;
				DEVELOPMENT_TEAM = 7PV47SL7A5;
				INFOPLIST_FILE = Todoey/Info.plist;
				LD_RUNPATH_SEARCH_PATHS = "$(inherited) @executable_path/Frameworks";
				PRODUCT_BUNDLE_IDENTIFIER = com.Kevinchia.Todoey;
				PRODUCT_NAME = "$(TARGET_NAME)";
				SWIFT_VERSION = 4.0;
				TARGETED_DEVICE_FAMILY = "1,2";
			};
			name = Release;
		};
/* End XCBuildConfiguration section */

/* Begin XCConfigurationList section */
		427C33B620205B5300D3F79B /* Build configuration list for PBXProject "Todoey" */ = {
			isa = XCConfigurationList;
			buildConfigurations = (
				427C33CB20205B5300D3F79B /* Debug */,
				427C33CC20205B5300D3F79B /* Release */,
			);
			defaultConfigurationIsVisible = 0;
			defaultConfigurationName = Release;
		};
		427C33CD20205B5300D3F79B /* Build configuration list for PBXNativeTarget "Todoey" */ = {
			isa = XCConfigurationList;
			buildConfigurations = (
				427C33CE20205B5300D3F79B /* Debug */,
				427C33CF20205B5300D3F79B /* Release */,
			);
			defaultConfigurationIsVisible = 0;
			defaultConfigurationName = Release;
		};
/* End XCConfigurationList section */

/* Begin XCVersionGroup section */
		4272ADF620286A9E00FE0A69 /* DataModel.xcdatamodeld */ = {
			isa = XCVersionGroup;
			children = (
				4272ADF720286A9E00FE0A69 /* DataModel.xcdatamodel */,
			);
			currentVersion = 4272ADF720286A9E00FE0A69 /* DataModel.xcdatamodel */;
			path = DataModel.xcdatamodeld;
			sourceTree = "<group>";
			versionGroupType = wrapper.xcdatamodel;
		};
/* End XCVersionGroup section */
	};
	rootObject = 427C33B320205B5300D3F79B /* Project object */;
}
